// !$*UTF8*$!
{
	archiveVersion = 1;
	classes = {
	};
	objectVersion = 77;
	objects = {

/* Begin PBXContainerItemProxy section */
		AD8EA04F2E0DA5F700B7D0DC /* PBXContainerItemProxy */ = {
			isa = PBXContainerItemProxy;
			containerPortal = AD8EA0392E0DA5F600B7D0DC /* Project object */;
			proxyType = 1;
			remoteGlobalIDString = AD8EA0402E0DA5F600B7D0DC;
			remoteInfo = Cyberdoku;
		};
		AD8EA0592E0DA5F800B7D0DC /* PBXContainerItemProxy */ = {
			isa = PBXContainerItemProxy;
			containerPortal = AD8EA0392E0DA5F600B7D0DC /* Project object */;
			proxyType = 1;
			remoteGlobalIDString = AD8EA0402E0DA5F600B7D0DC;
			remoteInfo = Cyberdoku;
		};
/* End PBXContainerItemProxy section */

/* Begin PBXCopyFilesBuildPhase section */
		AD8EA1A72E0E139B00B7D0DC /* CopyFiles */ = {
			isa = PBXCopyFilesBuildPhase;
			buildActionMask = 2147483647;
			dstPath = /usr/share/man/man1/;
			dstSubfolderSpec = 0;
			files = (
			);
			runOnlyForDeploymentPostprocessing = 1;
		};
/* End PBXCopyFilesBuildPhase section */

/* Begin PBXFileReference section */
		AD8EA0412E0DA5F600B7D0DC /* Cyberdoku.app */ = {isa = PBXFileReference; explicitFileType = wrapper.application; includeInIndex = 0; path = Cyberdoku.app; sourceTree = BUILT_PRODUCTS_DIR; };
		AD8EA04E2E0DA5F700B7D0DC /* CyberdokuTests.xctest */ = {isa = PBXFileReference; explicitFileType = wrapper.cfbundle; includeInIndex = 0; path = CyberdokuTests.xctest; sourceTree = BUILT_PRODUCTS_DIR; };
		AD8EA0582E0DA5F800B7D0DC /* CyberdokuUITests.xctest */ = {isa = PBXFileReference; explicitFileType = wrapper.cfbundle; includeInIndex = 0; path = CyberdokuUITests.xctest; sourceTree = BUILT_PRODUCTS_DIR; };
		AD8EA08A2E0DAA2000B7D0DC /* LICENSE */ = {isa = PBXFileReference; lastKnownFileType = text; path = LICENSE; sourceTree = "<group>"; };
		AD8EA08B2E0DAA2000B7D0DC /* README.md */ = {isa = PBXFileReference; lastKnownFileType = net.daringfireball.markdown; path = README.md; sourceTree = "<group>"; };
		AD8EA1A92E0E139B00B7D0DC /* CyberdokuCLI */ = {isa = PBXFileReference; explicitFileType = "compiled.mach-o.executable"; includeInIndex = 0; path = CyberdokuCLI; sourceTree = BUILT_PRODUCTS_DIR; };
/* End PBXFileReference section */

/* Begin PBXFileSystemSynchronizedBuildFileExceptionSet section */
		AD8EA1BF2E0E149900B7D0DC /* Exceptions for "Cyberdoku" folder in "CyberdokuCLI" target */ = {
			isa = PBXFileSystemSynchronizedBuildFileExceptionSet;
			membershipExceptions = (
				Agents/Agent.swift,
				Agents/RuleBasedAgent.swift,
				Classification/HiddenSingleClassifier.swift,
				Classification/MoveClassifier.swift,
				Classification/NakedSingleClassifier.swift,
				"Extensions/Classification/SudokuClassifier_1Input+Init.swift",
				"Extensions/Models/SudokuBoard+Classifier.swift",
				"Extensions/Models/SudokuBoard+Serialization.swift",
				"Extensions/ViewModels/SudokuViewModel+Agent.swift",
				"Extensions/ViewModels/SudokuViewModel+GameState.swift",
				Models/GameState.swift,
				Models/Move.swift,
				Models/PuzzleDifficulty.swift,
				Models/SudokuBoard.swift,
				Models/SudokuCell.swift,
				Rules/HiddenSingleRule.swift,
				Rules/NakedSingleRule.swift,
				Rules/Rule.swift,
				Rules/RuleEngine.swift,
				Services/GameStorage.swift,
				Services/MLMoveClassifier.swift,
				Services/PuzzleLoader.swift,
			);
			target = AD8EA1A82E0E139B00B7D0DC /* CyberdokuCLI */;
		};
/* End PBXFileSystemSynchronizedBuildFileExceptionSet section */

/* Begin PBXFileSystemSynchronizedRootGroup section */
		AD8EA0432E0DA5F600B7D0DC /* Cyberdoku */ = {
			isa = PBXFileSystemSynchronizedRootGroup;
			exceptions = (
				AD8EA1BF2E0E149900B7D0DC /* Exceptions for "Cyberdoku" folder in "CyberdokuCLI" target */,
			);
			path = Cyberdoku;
			sourceTree = "<group>";
		};
		AD8EA0512E0DA5F700B7D0DC /* CyberdokuTests */ = {
			isa = PBXFileSystemSynchronizedRootGroup;
			path = CyberdokuTests;
			sourceTree = "<group>";
		};
		AD8EA05B2E0DA5F800B7D0DC /* CyberdokuUITests */ = {
			isa = PBXFileSystemSynchronizedRootGroup;
			path = CyberdokuUITests;
			sourceTree = "<group>";
		};
		AD8EA1AA2E0E139B00B7D0DC /* CyberdokuCLI */ = {
			isa = PBXFileSystemSynchronizedRootGroup;
			path = CyberdokuCLI;
			sourceTree = "<group>";
		};
/* End PBXFileSystemSynchronizedRootGroup section */

/* Begin PBXFrameworksBuildPhase section */
		AD8EA03E2E0DA5F600B7D0DC /* Frameworks */ = {
			isa = PBXFrameworksBuildPhase;
			buildActionMask = 2147483647;
			files = (
			);
			runOnlyForDeploymentPostprocessing = 0;
		};
		AD8EA04B2E0DA5F700B7D0DC /* Frameworks */ = {
			isa = PBXFrameworksBuildPhase;
			buildActionMask = 2147483647;
			files = (
			);
			runOnlyForDeploymentPostprocessing = 0;
		};
		AD8EA0552E0DA5F800B7D0DC /* Frameworks */ = {
			isa = PBXFrameworksBuildPhase;
			buildActionMask = 2147483647;
			files = (
			);
			runOnlyForDeploymentPostprocessing = 0;
		};
		AD8EA1A62E0E139B00B7D0DC /* Frameworks */ = {
			isa = PBXFrameworksBuildPhase;
			buildActionMask = 2147483647;
			files = (
			);
			runOnlyForDeploymentPostprocessing = 0;
		};
/* End PBXFrameworksBuildPhase section */

/* Begin PBXGroup section */
		AD8EA0382E0DA5F600B7D0DC = {
			isa = PBXGroup;
			children = (
				AD8EA0432E0DA5F600B7D0DC /* Cyberdoku */,
				AD8EA0512E0DA5F700B7D0DC /* CyberdokuTests */,
				AD8EA05B2E0DA5F800B7D0DC /* CyberdokuUITests */,
				AD8EA1AA2E0E139B00B7D0DC /* CyberdokuCLI */,
				AD8EA0422E0DA5F600B7D0DC /* Products */,
				AD8EA08A2E0DAA2000B7D0DC /* LICENSE */,
				AD8EA08B2E0DAA2000B7D0DC /* README.md */,
			);
			sourceTree = "<group>";
		};
		AD8EA0422E0DA5F600B7D0DC /* Products */ = {
			isa = PBXGroup;
			children = (
				AD8EA0412E0DA5F600B7D0DC /* Cyberdoku.app */,
				AD8EA04E2E0DA5F700B7D0DC /* CyberdokuTests.xctest */,
				AD8EA0582E0DA5F800B7D0DC /* CyberdokuUITests.xctest */,
				AD8EA1A92E0E139B00B7D0DC /* CyberdokuCLI */,
			);
			name = Products;
			sourceTree = "<group>";
		};
/* End PBXGroup section */

/* Begin PBXNativeTarget section */
		AD8EA0402E0DA5F600B7D0DC /* Cyberdoku */ = {
			isa = PBXNativeTarget;
			buildConfigurationList = AD8EA0622E0DA5F800B7D0DC /* Build configuration list for PBXNativeTarget "Cyberdoku" */;
			buildPhases = (
				AD8EA03D2E0DA5F600B7D0DC /* Sources */,
				AD8EA03E2E0DA5F600B7D0DC /* Frameworks */,
				AD8EA03F2E0DA5F600B7D0DC /* Resources */,
			);
			buildRules = (
			);
			dependencies = (
			);
			fileSystemSynchronizedGroups = (
				AD8EA0432E0DA5F600B7D0DC /* Cyberdoku */,
			);
			name = Cyberdoku;
			packageProductDependencies = (
			);
			productName = Cyberdoku;
			productReference = AD8EA0412E0DA5F600B7D0DC /* Cyberdoku.app */;
			productType = "com.apple.product-type.application";
		};
		AD8EA04D2E0DA5F700B7D0DC /* CyberdokuTests */ = {
			isa = PBXNativeTarget;
			buildConfigurationList = AD8EA0652E0DA5F800B7D0DC /* Build configuration list for PBXNativeTarget "CyberdokuTests" */;
			buildPhases = (
				AD8EA04A2E0DA5F700B7D0DC /* Sources */,
				AD8EA04B2E0DA5F700B7D0DC /* Frameworks */,
				AD8EA04C2E0DA5F700B7D0DC /* Resources */,
			);
			buildRules = (
			);
			dependencies = (
				AD8EA0502E0DA5F700B7D0DC /* PBXTargetDependency */,
			);
			fileSystemSynchronizedGroups = (
				AD8EA0512E0DA5F700B7D0DC /* CyberdokuTests */,
			);
			name = CyberdokuTests;
			packageProductDependencies = (
			);
			productName = CyberdokuTests;
			productReference = AD8EA04E2E0DA5F700B7D0DC /* CyberdokuTests.xctest */;
			productType = "com.apple.product-type.bundle.unit-test";
		};
		AD8EA0572E0DA5F800B7D0DC /* CyberdokuUITests */ = {
			isa = PBXNativeTarget;
			buildConfigurationList = AD8EA0682E0DA5F800B7D0DC /* Build configuration list for PBXNativeTarget "CyberdokuUITests" */;
			buildPhases = (
				AD8EA0542E0DA5F800B7D0DC /* Sources */,
				AD8EA0552E0DA5F800B7D0DC /* Frameworks */,
				AD8EA0562E0DA5F800B7D0DC /* Resources */,
			);
			buildRules = (
			);
			dependencies = (
				AD8EA05A2E0DA5F800B7D0DC /* PBXTargetDependency */,
			);
			fileSystemSynchronizedGroups = (
				AD8EA05B2E0DA5F800B7D0DC /* CyberdokuUITests */,
			);
			name = CyberdokuUITests;
			packageProductDependencies = (
			);
			productName = CyberdokuUITests;
			productReference = AD8EA0582E0DA5F800B7D0DC /* CyberdokuUITests.xctest */;
			productType = "com.apple.product-type.bundle.ui-testing";
		};
		AD8EA1A82E0E139B00B7D0DC /* CyberdokuCLI */ = {
			isa = PBXNativeTarget;
			buildConfigurationList = AD8EA1AD2E0E139B00B7D0DC /* Build configuration list for PBXNativeTarget "CyberdokuCLI" */;
			buildPhases = (
				AD8EA1A52E0E139B00B7D0DC /* Sources */,
				AD8EA1A62E0E139B00B7D0DC /* Frameworks */,
				AD8EA1A72E0E139B00B7D0DC /* CopyFiles */,
			);
			buildRules = (
			);
			dependencies = (
			);
			fileSystemSynchronizedGroups = (
				AD8EA1AA2E0E139B00B7D0DC /* CyberdokuCLI */,
			);
			name = CyberdokuCLI;
			packageProductDependencies = (
			);
			productName = CyberdokuCLI;
			productReference = AD8EA1A92E0E139B00B7D0DC /* CyberdokuCLI */;
			productType = "com.apple.product-type.tool";
		};
/* End PBXNativeTarget section */

/* Begin PBXProject section */
		AD8EA0392E0DA5F600B7D0DC /* Project object */ = {
			isa = PBXProject;
			attributes = {
				BuildIndependentTargetsInParallel = 1;
				LastSwiftUpdateCheck = 1640;
				LastUpgradeCheck = 1640;
				TargetAttributes = {
					AD8EA0402E0DA5F600B7D0DC = {
						CreatedOnToolsVersion = 16.4;
					};
					AD8EA04D2E0DA5F700B7D0DC = {
						CreatedOnToolsVersion = 16.4;
						TestTargetID = AD8EA0402E0DA5F600B7D0DC;
					};
					AD8EA0572E0DA5F800B7D0DC = {
						CreatedOnToolsVersion = 16.4;
						TestTargetID = AD8EA0402E0DA5F600B7D0DC;
					};
					AD8EA1A82E0E139B00B7D0DC = {
						CreatedOnToolsVersion = 16.4;
					};
				};
			};
			buildConfigurationList = AD8EA03C2E0DA5F600B7D0DC /* Build configuration list for PBXProject "Cyberdoku" */;
			developmentRegion = en;
			hasScannedForEncodings = 0;
			knownRegions = (
				en,
				Base,
			);
			mainGroup = AD8EA0382E0DA5F600B7D0DC;
			minimizedProjectReferenceProxies = 1;
			preferredProjectObjectVersion = 77;
			productRefGroup = AD8EA0422E0DA5F600B7D0DC /* Products */;
			projectDirPath = "";
			projectRoot = "";
			targets = (
				AD8EA0402E0DA5F600B7D0DC /* Cyberdoku */,
				AD8EA04D2E0DA5F700B7D0DC /* CyberdokuTests */,
				AD8EA0572E0DA5F800B7D0DC /* CyberdokuUITests */,
				AD8EA1A82E0E139B00B7D0DC /* CyberdokuCLI */,
			);
		};
/* End PBXProject section */

/* Begin PBXResourcesBuildPhase section */
		AD8EA03F2E0DA5F600B7D0DC /* Resources */ = {
			isa = PBXResourcesBuildPhase;
			buildActionMask = 2147483647;
			files = (
			);
			runOnlyForDeploymentPostprocessing = 0;
		};
		AD8EA04C2E0DA5F700B7D0DC /* Resources */ = {
			isa = PBXResourcesBuildPhase;
			buildActionMask = 2147483647;
			files = (
			);
			runOnlyForDeploymentPostprocessing = 0;
		};
		AD8EA0562E0DA5F800B7D0DC /* Resources */ = {
			isa = PBXResourcesBuildPhase;
			buildActionMask = 2147483647;
			files = (
			);
			runOnlyForDeploymentPostprocessing = 0;
		};
/* End PBXResourcesBuildPhase section */

/* Begin PBXSourcesBuildPhase section */
		AD8EA03D2E0DA5F600B7D0DC /* Sources */ = {
			isa = PBXSourcesBuildPhase;
			buildActionMask = 2147483647;
			files = (
			);
			runOnlyForDeploymentPostprocessing = 0;
		};
		AD8EA04A2E0DA5F700B7D0DC /* Sources */ = {
			isa = PBXSourcesBuildPhase;
			buildActionMask = 2147483647;
			files = (
			);
			runOnlyForDeploymentPostprocessing = 0;
		};
		AD8EA0542E0DA5F800B7D0DC /* Sources */ = {
			isa = PBXSourcesBuildPhase;
			buildActionMask = 2147483647;
			files = (
			);
			runOnlyForDeploymentPostprocessing = 0;
		};
		AD8EA1A52E0E139B00B7D0DC /* Sources */ = {
			isa = PBXSourcesBuildPhase;
			buildActionMask = 2147483647;
			files = (
			);
			runOnlyForDeploymentPostprocessing = 0;
		};
/* End PBXSourcesBuildPhase section */

/* Begin PBXTargetDependency section */
		AD8EA0502E0DA5F700B7D0DC /* PBXTargetDependency */ = {
			isa = PBXTargetDependency;
			target = AD8EA0402E0DA5F600B7D0DC /* Cyberdoku */;
			targetProxy = AD8EA04F2E0DA5F700B7D0DC /* PBXContainerItemProxy */;
		};
		AD8EA05A2E0DA5F800B7D0DC /* PBXTargetDependency */ = {
			isa = PBXTargetDependency;
			target = AD8EA0402E0DA5F600B7D0DC /* Cyberdoku */;
			targetProxy = AD8EA0592E0DA5F800B7D0DC /* PBXContainerItemProxy */;
		};
/* End PBXTargetDependency section */

/* Begin XCBuildConfiguration section */
		AD8EA0602E0DA5F800B7D0DC /* Debug */ = {
			isa = XCBuildConfiguration;
			buildSettings = {
				ALWAYS_SEARCH_USER_PATHS = NO;
				ASSETCATALOG_COMPILER_GENERATE_SWIFT_ASSET_SYMBOL_EXTENSIONS = YES;
				CLANG_ANALYZER_NONNULL = YES;
				CLANG_ANALYZER_NUMBER_OBJECT_CONVERSION = YES_AGGRESSIVE;
				CLANG_CXX_LANGUAGE_STANDARD = "gnu++20";
				CLANG_ENABLE_MODULES = YES;
				CLANG_ENABLE_OBJC_ARC = YES;
				CLANG_ENABLE_OBJC_WEAK = YES;
				CLANG_WARN_BLOCK_CAPTURE_AUTORELEASING = YES;
				CLANG_WARN_BOOL_CONVERSION = YES;
				CLANG_WARN_COMMA = YES;
				CLANG_WARN_CONSTANT_CONVERSION = YES;
				CLANG_WARN_DEPRECATED_OBJC_IMPLEMENTATIONS = YES;
				CLANG_WARN_DIRECT_OBJC_ISA_USAGE = YES_ERROR;
				CLANG_WARN_DOCUMENTATION_COMMENTS = YES;
				CLANG_WARN_EMPTY_BODY = YES;
				CLANG_WARN_ENUM_CONVERSION = YES;
				CLANG_WARN_INFINITE_RECURSION = YES;
				CLANG_WARN_INT_CONVERSION = YES;
				CLANG_WARN_NON_LITERAL_NULL_CONVERSION = YES;
				CLANG_WARN_OBJC_IMPLICIT_RETAIN_SELF = YES;
				CLANG_WARN_OBJC_LITERAL_CONVERSION = YES;
				CLANG_WARN_OBJC_ROOT_CLASS = YES_ERROR;
				CLANG_WARN_QUOTED_INCLUDE_IN_FRAMEWORK_HEADER = YES;
				CLANG_WARN_RANGE_LOOP_ANALYSIS = YES;
				CLANG_WARN_STRICT_PROTOTYPES = YES;
				CLANG_WARN_SUSPICIOUS_MOVE = YES;
				CLANG_WARN_UNGUARDED_AVAILABILITY = YES_AGGRESSIVE;
				CLANG_WARN_UNREACHABLE_CODE = YES;
				CLANG_WARN__DUPLICATE_METHOD_MATCH = YES;
				COPY_PHASE_STRIP = NO;
				DEBUG_INFORMATION_FORMAT = dwarf;
				DEVELOPMENT_TEAM = QCZTZM228N;
				ENABLE_STRICT_OBJC_MSGSEND = YES;
				ENABLE_TESTABILITY = YES;
				ENABLE_USER_SCRIPT_SANDBOXING = YES;
				GCC_C_LANGUAGE_STANDARD = gnu17;
				GCC_DYNAMIC_NO_PIC = NO;
				GCC_NO_COMMON_BLOCKS = YES;
				GCC_OPTIMIZATION_LEVEL = 0;
				GCC_PREPROCESSOR_DEFINITIONS = (
					"DEBUG=1",
					"$(inherited)",
				);
				GCC_WARN_64_TO_32_BIT_CONVERSION = YES;
				GCC_WARN_ABOUT_RETURN_TYPE = YES_ERROR;
				GCC_WARN_UNDECLARED_SELECTOR = YES;
				GCC_WARN_UNINITIALIZED_AUTOS = YES_AGGRESSIVE;
				GCC_WARN_UNUSED_FUNCTION = YES;
				GCC_WARN_UNUSED_VARIABLE = YES;
				IPHONEOS_DEPLOYMENT_TARGET = 18.5;
				LOCALIZATION_PREFERS_STRING_CATALOGS = YES;
				MTL_ENABLE_DEBUG_INFO = INCLUDE_SOURCE;
				MTL_FAST_MATH = YES;
				ONLY_ACTIVE_ARCH = YES;
				SDKROOT = iphoneos;
				SWIFT_ACTIVE_COMPILATION_CONDITIONS = "DEBUG $(inherited)";
				SWIFT_OPTIMIZATION_LEVEL = "-Onone";
			};
			name = Debug;
		};
		AD8EA0612E0DA5F800B7D0DC /* Release */ = {
			isa = XCBuildConfiguration;
			buildSettings = {
				ALWAYS_SEARCH_USER_PATHS = NO;
				ASSETCATALOG_COMPILER_GENERATE_SWIFT_ASSET_SYMBOL_EXTENSIONS = YES;
				CLANG_ANALYZER_NONNULL = YES;
				CLANG_ANALYZER_NUMBER_OBJECT_CONVERSION = YES_AGGRESSIVE;
				CLANG_CXX_LANGUAGE_STANDARD = "gnu++20";
				CLANG_ENABLE_MODULES = YES;
				CLANG_ENABLE_OBJC_ARC = YES;
				CLANG_ENABLE_OBJC_WEAK = YES;
				CLANG_WARN_BLOCK_CAPTURE_AUTORELEASING = YES;
				CLANG_WARN_BOOL_CONVERSION = YES;
				CLANG_WARN_COMMA = YES;
				CLANG_WARN_CONSTANT_CONVERSION = YES;
				CLANG_WARN_DEPRECATED_OBJC_IMPLEMENTATIONS = YES;
				CLANG_WARN_DIRECT_OBJC_ISA_USAGE = YES_ERROR;
				CLANG_WARN_DOCUMENTATION_COMMENTS = YES;
				CLANG_WARN_EMPTY_BODY = YES;
				CLANG_WARN_ENUM_CONVERSION = YES;
				CLANG_WARN_INFINITE_RECURSION = YES;
				CLANG_WARN_INT_CONVERSION = YES;
				CLANG_WARN_NON_LITERAL_NULL_CONVERSION = YES;
				CLANG_WARN_OBJC_IMPLICIT_RETAIN_SELF = YES;
				CLANG_WARN_OBJC_LITERAL_CONVERSION = YES;
				CLANG_WARN_OBJC_ROOT_CLASS = YES_ERROR;
				CLANG_WARN_QUOTED_INCLUDE_IN_FRAMEWORK_HEADER = YES;
				CLANG_WARN_RANGE_LOOP_ANALYSIS = YES;
				CLANG_WARN_STRICT_PROTOTYPES = YES;
				CLANG_WARN_SUSPICIOUS_MOVE = YES;
				CLANG_WARN_UNGUARDED_AVAILABILITY = YES_AGGRESSIVE;
				CLANG_WARN_UNREACHABLE_CODE = YES;
				CLANG_WARN__DUPLICATE_METHOD_MATCH = YES;
				COPY_PHASE_STRIP = NO;
				DEBUG_INFORMATION_FORMAT = "dwarf-with-dsym";
				DEVELOPMENT_TEAM = QCZTZM228N;
				ENABLE_NS_ASSERTIONS = NO;
				ENABLE_STRICT_OBJC_MSGSEND = YES;
				ENABLE_USER_SCRIPT_SANDBOXING = YES;
				GCC_C_LANGUAGE_STANDARD = gnu17;
				GCC_NO_COMMON_BLOCKS = YES;
				GCC_WARN_64_TO_32_BIT_CONVERSION = YES;
				GCC_WARN_ABOUT_RETURN_TYPE = YES_ERROR;
				GCC_WARN_UNDECLARED_SELECTOR = YES;
				GCC_WARN_UNINITIALIZED_AUTOS = YES_AGGRESSIVE;
				GCC_WARN_UNUSED_FUNCTION = YES;
				GCC_WARN_UNUSED_VARIABLE = YES;
				IPHONEOS_DEPLOYMENT_TARGET = 18.5;
				LOCALIZATION_PREFERS_STRING_CATALOGS = YES;
				MTL_ENABLE_DEBUG_INFO = NO;
				MTL_FAST_MATH = YES;
				SDKROOT = iphoneos;
				SWIFT_COMPILATION_MODE = wholemodule;
				VALIDATE_PRODUCT = YES;
			};
			name = Release;
		};
		AD8EA0632E0DA5F800B7D0DC /* Debug */ = {
			isa = XCBuildConfiguration;
			buildSettings = {
				ASSETCATALOG_COMPILER_APPICON_NAME = AppIcon;
				ASSETCATALOG_COMPILER_GLOBAL_ACCENT_COLOR_NAME = AccentColor;
				CODE_SIGN_STYLE = Automatic;
				CURRENT_PROJECT_VERSION = 1;
				DEVELOPMENT_TEAM = QCZTZM228N;
				ENABLE_PREVIEWS = YES;
				GENERATE_INFOPLIST_FILE = YES;
				INFOPLIST_KEY_UIApplicationSceneManifest_Generation = YES;
				INFOPLIST_KEY_UIApplicationSupportsIndirectInputEvents = YES;
				INFOPLIST_KEY_UILaunchScreen_Generation = YES;
				INFOPLIST_KEY_UISupportedInterfaceOrientations_iPad = "UIInterfaceOrientationPortrait UIInterfaceOrientationPortraitUpsideDown UIInterfaceOrientationLandscapeLeft UIInterfaceOrientationLandscapeRight";
				INFOPLIST_KEY_UISupportedInterfaceOrientations_iPhone = "UIInterfaceOrientationPortrait UIInterfaceOrientationLandscapeLeft UIInterfaceOrientationLandscapeRight";
				LD_RUNPATH_SEARCH_PATHS = (
					"$(inherited)",
					"@executable_path/Frameworks",
				);
				MARKETING_VERSION = 1.0;
				PRODUCT_BUNDLE_IDENTIFIER = com.nickhart.Cyberdoku;
				PRODUCT_NAME = "$(TARGET_NAME)";
				SWIFT_EMIT_LOC_STRINGS = YES;
				SWIFT_VERSION = 5.0;
				TARGETED_DEVICE_FAMILY = "1,2";
			};
			name = Debug;
		};
		AD8EA0642E0DA5F800B7D0DC /* Release */ = {
			isa = XCBuildConfiguration;
			buildSettings = {
				ASSETCATALOG_COMPILER_APPICON_NAME = AppIcon;
				ASSETCATALOG_COMPILER_GLOBAL_ACCENT_COLOR_NAME = AccentColor;
				CODE_SIGN_STYLE = Automatic;
				CURRENT_PROJECT_VERSION = 1;
				DEVELOPMENT_TEAM = QCZTZM228N;
				ENABLE_PREVIEWS = YES;
				GENERATE_INFOPLIST_FILE = YES;
				INFOPLIST_KEY_UIApplicationSceneManifest_Generation = YES;
				INFOPLIST_KEY_UIApplicationSupportsIndirectInputEvents = YES;
				INFOPLIST_KEY_UILaunchScreen_Generation = YES;
				INFOPLIST_KEY_UISupportedInterfaceOrientations_iPad = "UIInterfaceOrientationPortrait UIInterfaceOrientationPortraitUpsideDown UIInterfaceOrientationLandscapeLeft UIInterfaceOrientationLandscapeRight";
				INFOPLIST_KEY_UISupportedInterfaceOrientations_iPhone = "UIInterfaceOrientationPortrait UIInterfaceOrientationLandscapeLeft UIInterfaceOrientationLandscapeRight";
				LD_RUNPATH_SEARCH_PATHS = (
					"$(inherited)",
					"@executable_path/Frameworks",
				);
				MARKETING_VERSION = 1.0;
				PRODUCT_BUNDLE_IDENTIFIER = com.nickhart.Cyberdoku;
				PRODUCT_NAME = "$(TARGET_NAME)";
				SWIFT_EMIT_LOC_STRINGS = YES;
				SWIFT_VERSION = 5.0;
				TARGETED_DEVICE_FAMILY = "1,2";
			};
			name = Release;
		};
		AD8EA0662E0DA5F800B7D0DC /* Debug */ = {
			isa = XCBuildConfiguration;
			buildSettings = {
				BUNDLE_LOADER = "$(TEST_HOST)";
				CODE_SIGN_STYLE = Automatic;
				CURRENT_PROJECT_VERSION = 1;
				DEVELOPMENT_TEAM = QCZTZM228N;
				GENERATE_INFOPLIST_FILE = YES;
				IPHONEOS_DEPLOYMENT_TARGET = 18.5;
				MARKETING_VERSION = 1.0;
				PRODUCT_BUNDLE_IDENTIFIER = com.nickhart.CyberdokuTests;
				PRODUCT_NAME = "$(TARGET_NAME)";
				SWIFT_EMIT_LOC_STRINGS = NO;
				SWIFT_VERSION = 5.0;
				TARGETED_DEVICE_FAMILY = "1,2";
				TEST_HOST = "$(BUILT_PRODUCTS_DIR)/Cyberdoku.app/$(BUNDLE_EXECUTABLE_FOLDER_PATH)/Cyberdoku";
			};
			name = Debug;
		};
		AD8EA0672E0DA5F800B7D0DC /* Release */ = {
			isa = XCBuildConfiguration;
			buildSettings = {
				BUNDLE_LOADER = "$(TEST_HOST)";
				CODE_SIGN_STYLE = Automatic;
				CURRENT_PROJECT_VERSION = 1;
				DEVELOPMENT_TEAM = QCZTZM228N;
				GENERATE_INFOPLIST_FILE = YES;
				IPHONEOS_DEPLOYMENT_TARGET = 18.5;
				MARKETING_VERSION = 1.0;
				PRODUCT_BUNDLE_IDENTIFIER = com.nickhart.CyberdokuTests;
				PRODUCT_NAME = "$(TARGET_NAME)";
				SWIFT_EMIT_LOC_STRINGS = NO;
				SWIFT_VERSION = 5.0;
				TARGETED_DEVICE_FAMILY = "1,2";
				TEST_HOST = "$(BUILT_PRODUCTS_DIR)/Cyberdoku.app/$(BUNDLE_EXECUTABLE_FOLDER_PATH)/Cyberdoku";
			};
			name = Release;
		};
		AD8EA0692E0DA5F800B7D0DC /* Debug */ = {
			isa = XCBuildConfiguration;
			buildSettings = {
				CODE_SIGN_STYLE = Automatic;
				CURRENT_PROJECT_VERSION = 1;
				DEVELOPMENT_TEAM = QCZTZM228N;
				GENERATE_INFOPLIST_FILE = YES;
				MARKETING_VERSION = 1.0;
				PRODUCT_BUNDLE_IDENTIFIER = com.nickhart.CyberdokuUITests;
				PRODUCT_NAME = "$(TARGET_NAME)";
				SWIFT_EMIT_LOC_STRINGS = NO;
				SWIFT_VERSION = 5.0;
				TARGETED_DEVICE_FAMILY = "1,2";
				TEST_TARGET_NAME = Cyberdoku;
			};
			name = Debug;
		};
		AD8EA06A2E0DA5F800B7D0DC /* Release */ = {
			isa = XCBuildConfiguration;
			buildSettings = {
				CODE_SIGN_STYLE = Automatic;
				CURRENT_PROJECT_VERSION = 1;
				DEVELOPMENT_TEAM = QCZTZM228N;
				GENERATE_INFOPLIST_FILE = YES;
				MARKETING_VERSION = 1.0;
				PRODUCT_BUNDLE_IDENTIFIER = com.nickhart.CyberdokuUITests;
				PRODUCT_NAME = "$(TARGET_NAME)";
				SWIFT_EMIT_LOC_STRINGS = NO;
				SWIFT_VERSION = 5.0;
				TARGETED_DEVICE_FAMILY = "1,2";
				TEST_TARGET_NAME = Cyberdoku;
			};
			name = Release;
		};
		AD8EA1AE2E0E139B00B7D0DC /* Debug */ = {
			isa = XCBuildConfiguration;
			buildSettings = {
				CODE_SIGN_STYLE = Automatic;
				DEVELOPMENT_TEAM = QCZTZM228N;
				ENABLE_HARDENED_RUNTIME = YES;
				MACOSX_DEPLOYMENT_TARGET = 15.5;
				PRODUCT_NAME = "$(TARGET_NAME)";
				SDKROOT = macosx;
				SWIFT_VERSION = 5.0;
			};
			name = Debug;
		};
		AD8EA1AF2E0E139B00B7D0DC /* Release */ = {
			isa = XCBuildConfiguration;
			buildSettings = {
				CODE_SIGN_STYLE = Automatic;
				DEVELOPMENT_TEAM = QCZTZM228N;
				ENABLE_HARDENED_RUNTIME = YES;
				MACOSX_DEPLOYMENT_TARGET = 15.5;
				PRODUCT_NAME = "$(TARGET_NAME)";
				SDKROOT = macosx;
				SWIFT_VERSION = 5.0;
			};
			name = Release;
		};
/* End XCBuildConfiguration section */

/* Begin XCConfigurationList section */
		AD8EA03C2E0DA5F600B7D0DC /* Build configuration list for PBXProject "Cyberdoku" */ = {
			isa = XCConfigurationList;
			buildConfigurations = (
				AD8EA0602E0DA5F800B7D0DC /* Debug */,
				AD8EA0612E0DA5F800B7D0DC /* Release */,
			);
			defaultConfigurationIsVisible = 0;
			defaultConfigurationName = Release;
		};
		AD8EA0622E0DA5F800B7D0DC /* Build configuration list for PBXNativeTarget "Cyberdoku" */ = {
			isa = XCConfigurationList;
			buildConfigurations = (
				AD8EA0632E0DA5F800B7D0DC /* Debug */,
				AD8EA0642E0DA5F800B7D0DC /* Release */,
			);
			defaultConfigurationIsVisible = 0;
			defaultConfigurationName = Release;
		};
		AD8EA0652E0DA5F800B7D0DC /* Build configuration list for PBXNativeTarget "CyberdokuTests" */ = {
			isa = XCConfigurationList;
			buildConfigurations = (
				AD8EA0662E0DA5F800B7D0DC /* Debug */,
				AD8EA0672E0DA5F800B7D0DC /* Release */,
			);
			defaultConfigurationIsVisible = 0;
			defaultConfigurationName = Release;
		};
		AD8EA0682E0DA5F800B7D0DC /* Build configuration list for PBXNativeTarget "CyberdokuUITests" */ = {
			isa = XCConfigurationList;
			buildConfigurations = (
				AD8EA0692E0DA5F800B7D0DC /* Debug */,
				AD8EA06A2E0DA5F800B7D0DC /* Release */,
			);
			defaultConfigurationIsVisible = 0;
			defaultConfigurationName = Release;
		};
		AD8EA1AD2E0E139B00B7D0DC /* Build configuration list for PBXNativeTarget "CyberdokuCLI" */ = {
			isa = XCConfigurationList;
			buildConfigurations = (
				AD8EA1AE2E0E139B00B7D0DC /* Debug */,
				AD8EA1AF2E0E139B00B7D0DC /* Release */,
			);
			defaultConfigurationIsVisible = 0;
			defaultConfigurationName = Release;
		};
/* End XCConfigurationList section */
	};
	rootObject = AD8EA0392E0DA5F600B7D0DC /* Project object */;
}
